
Microsoft Visual Studio Solution File, Format Version 12.00
# Visual Studio Version 17
VisualStudioVersion = 17.10.34916.146
MinimumVisualStudioVersion = 10.0.40219.1
Project("{8BC9CEB8-8B4A-11D0-8D11-00A0C91BC942}") = "4. Text and File Encrypting", "4. Text and File Encrypting.vcxproj", "{D2CDD934-2E7C-46A8-9817-33B869B1EC15}"
EndProject
Project("{8BC9CEB8-8B4A-11D0-8D11-00A0C91BC942}") = "jopa", "..\jopa\jopa.vcxproj", "{81F58109-1D1F-48A8-852D-E0B0469D3A5E}"
EndProject
Global
	GlobalSection(SolutionConfigurationPlatforms) = preSolution
		Debug|x64 = Debug|x64
		Debug|x86 = Debug|x86
		Release|x64 = Release|x64
		Release|x86 = Release|x86
	EndGlobalSection
	GlobalSection(ProjectConfigurationPlatforms) = postSolution
		{D2CDD934-2E7C-46A8-9817-33B869B1EC15}.Debug|x64.ActiveCfg = Debug|x64
		{D2CDD934-2E7C-46A8-9817-33B869B1EC15}.Debug|x64.Build.0 = Debug|x64
		{D2CDD934-2E7C-46A8-9817-33B869B1EC15}.Debug|x86.ActiveCfg = Debug|Win32
		{D2CDD934-2E7C-46A8-9817-33B869B1EC15}.Debug|x86.Build.0 = Debug|Win32
		{D2CDD934-2E7C-46A8-9817-33B869B1EC15}.Release|x64.ActiveCfg = Release|x64
		{D2CDD934-2E7C-46A8-9817-33B869B1EC15}.Release|x64.Build.0 = Release|x64
		{D2CDD934-2E7C-46A8-9817-33B869B1EC15}.Release|x86.ActiveCfg = Release|Win32
		{D2CDD934-2E7C-46A8-9817-33B869B1EC15}.Release|x86.Build.0 = Release|Win32
		{81F58109-1D1F-48A8-852D-E0B0469D3A5E}.Debug|x64.ActiveCfg = Debug|x64
		{81F58109-1D1F-48A8-852D-E0B0469D3A5E}.Debug|x64.Build.0 = Debug|x64
		{81F58109-1D1F-48A8-852D-E0B0469D3A5E}.Debug|x86.ActiveCfg = Debug|Win32
		{81F58109-1D1F-48A8-852D-E0B0469D3A5E}.Debug|x86.Build.0 = Debug|Win32
		{81F58109-1D1F-48A8-852D-E0B0469D3A5E}.Release|x64.ActiveCfg = Release|x64
		{81F58109-1D1F-48A8-852D-E0B0469D3A5E}.Release|x64.Build.0 = Release|x64
		{81F58109-1D1F-48A8-852D-E0B0469D3A5E}.Release|x86.ActiveCfg = Release|Win32
		{81F58109-1D1F-48A8-852D-E0B0469D3A5E}.Release|x86.Build.0 = Release|Win32
	EndGlobalSection
	GlobalSection(SolutionProperties) = preSolution
		HideSolutionNode = FALSE
	EndGlobalSection
	GlobalSection(ExtensibilityGlobals) = postSolution
		SolutionGuid = {369BF64B-75AE-4DE7-8FFC-FE4FFB32CAD4}
	EndGlobalSection
EndGlobal
